
Microsoft Visual Studio Solution File, Format Version 12.00
# Visual Studio Version 16
VisualStudioVersion = 16.0.31424.327
MinimumVisualStudioVersion = 10.0.40219.1
Project("{9A19103F-16F7-4668-BE54-9A1E7A4F7556}") = "StaffManagement.Console", "Staffmanagement\StaffManagement.Console.csproj", "{5117EABD-2140-40E4-B1C3-236337E90024}"
EndProject
Project("{FAE04EC0-301F-11D3-BF4B-00C04F79EFBC}") = "StaffManagement.Lib", "StaffManagement.Lib\StaffManagement.Lib.csproj", "{971CFE16-E0E3-4304-A852-FAA1BF110157}"
EndProject
Global
	GlobalSection(SolutionConfigurationPlatforms) = preSolution
		Debug|Any CPU = Debug|Any CPU
		Release|Any CPU = Release|Any CPU
	EndGlobalSection
	GlobalSection(ProjectConfigurationPlatforms) = postSolution
		{5117EABD-2140-40E4-B1C3-236337E90024}.Debug|Any CPU.ActiveCfg = Debug|Any CPU
		{5117EABD-2140-40E4-B1C3-236337E90024}.Debug|Any CPU.Build.0 = Debug|Any CPU
		{5117EABD-2140-40E4-B1C3-236337E90024}.Release|Any CPU.ActiveCfg = Release|Any CPU
		{5117EABD-2140-40E4-B1C3-236337E90024}.Release|Any CPU.Build.0 = Release|Any CPU
		{971CFE16-E0E3-4304-A852-FAA1BF110157}.Debug|Any CPU.ActiveCfg = Debug|Any CPU
		{971CFE16-E0E3-4304-A852-FAA1BF110157}.Debug|Any CPU.Build.0 = Debug|Any CPU
		{971CFE16-E0E3-4304-A852-FAA1BF110157}.Release|Any CPU.ActiveCfg = Release|Any CPU
		{971CFE16-E0E3-4304-A852-FAA1BF110157}.Release|Any CPU.Build.0 = Release|Any CPU
	EndGlobalSection
	GlobalSection(SolutionProperties) = preSolution
		HideSolutionNode = FALSE
	EndGlobalSection
	GlobalSection(ExtensibilityGlobals) = postSolution
		SolutionGuid = {66ADA34B-0AA4-4293-B930-140DA05CF18E}
	EndGlobalSection
EndGlobal
